
Microsoft Visual Studio Solution File, Format Version 12.00
# Visual Studio Version 17
VisualStudioVersion = 17.0.31903.59
MinimumVisualStudioVersion = 10.0.40219.1
Project("{FAE04EC0-301F-11D3-BF4B-00C04F79EFBC}") = "WorkoutPlanner.Core", "WorkoutPlanner.Core\WorkoutPlanner.Core.csproj", "{085AD860-8DC6-4BD6-961F-4B9262593158}"
EndProject
Project("{FAE04EC0-301F-11D3-BF4B-00C04F79EFBC}") = "WorkoutPlanner.Data", "WorkoutPlanner.Data\WorkoutPlanner.Data.csproj", "{A8D2E0D0-0CEE-48ED-AA1C-CC44B403BF94}"
EndProject
Project("{FAE04EC0-301F-11D3-BF4B-00C04F79EFBC}") = "WorkoutPlanner.UI", "WorkoutPlanner.UI\WorkoutPlanner.UI.csproj", "{EFF65212-664A-4ADD-B42E-DC7C7E4DB960}"
EndProject
Project("{FAE04EC0-301F-11D3-BF4B-00C04F79EFBC}") = "WorkoutPlanner.Tests", "WorkoutPlanner.Tests\WorkoutPlanner.Tests.csproj", "{C2FBAF2C-FD83-482F-9865-26973A423FA1}"
EndProject
Global
	GlobalSection(SolutionConfigurationPlatforms) = preSolution
		Debug|Any CPU = Debug|Any CPU
		Debug|x64 = Debug|x64
		Debug|x86 = Debug|x86
		Release|Any CPU = Release|Any CPU
		Release|x64 = Release|x64
		Release|x86 = Release|x86
	EndGlobalSection
	GlobalSection(ProjectConfigurationPlatforms) = postSolution
		{085AD860-8DC6-4BD6-961F-4B9262593158}.Debug|Any CPU.ActiveCfg = Debug|Any CPU
		{085AD860-8DC6-4BD6-961F-4B9262593158}.Debug|Any CPU.Build.0 = Debug|Any CPU
		{085AD860-8DC6-4BD6-961F-4B9262593158}.Debug|x64.ActiveCfg = Debug|Any CPU
		{085AD860-8DC6-4BD6-961F-4B9262593158}.Debug|x64.Build.0 = Debug|Any CPU
		{085AD860-8DC6-4BD6-961F-4B9262593158}.Debug|x86.ActiveCfg = Debug|Any CPU
		{085AD860-8DC6-4BD6-961F-4B9262593158}.Debug|x86.Build.0 = Debug|Any CPU
		{085AD860-8DC6-4BD6-961F-4B9262593158}.Release|Any CPU.ActiveCfg = Release|Any CPU
		{085AD860-8DC6-4BD6-961F-4B9262593158}.Release|Any CPU.Build.0 = Release|Any CPU
		{085AD860-8DC6-4BD6-961F-4B9262593158}.Release|x64.ActiveCfg = Release|Any CPU
		{085AD860-8DC6-4BD6-961F-4B9262593158}.Release|x64.Build.0 = Release|Any CPU
		{085AD860-8DC6-4BD6-961F-4B9262593158}.Release|x86.ActiveCfg = Release|Any CPU
		{085AD860-8DC6-4BD6-961F-4B9262593158}.Release|x86.Build.0 = Release|Any CPU
		{A8D2E0D0-0CEE-48ED-AA1C-CC44B403BF94}.Debug|Any CPU.ActiveCfg = Debug|Any CPU
		{A8D2E0D0-0CEE-48ED-AA1C-CC44B403BF94}.Debug|Any CPU.Build.0 = Debug|Any CPU
		{A8D2E0D0-0CEE-48ED-AA1C-CC44B403BF94}.Debug|x64.ActiveCfg = Debug|Any CPU
		{A8D2E0D0-0CEE-48ED-AA1C-CC44B403BF94}.Debug|x64.Build.0 = Debug|Any CPU
		{A8D2E0D0-0CEE-48ED-AA1C-CC44B403BF94}.Debug|x86.ActiveCfg = Debug|Any CPU
		{A8D2E0D0-0CEE-48ED-AA1C-CC44B403BF94}.Debug|x86.Build.0 = Debug|Any CPU
		{A8D2E0D0-0CEE-48ED-AA1C-CC44B403BF94}.Release|Any CPU.ActiveCfg = Release|Any CPU
		{A8D2E0D0-0CEE-48ED-AA1C-CC44B403BF94}.Release|Any CPU.Build.0 = Release|Any CPU
		{A8D2E0D0-0CEE-48ED-AA1C-CC44B403BF94}.Release|x64.ActiveCfg = Release|Any CPU
		{A8D2E0D0-0CEE-48ED-AA1C-CC44B403BF94}.Release|x64.Build.0 = Release|Any CPU
		{A8D2E0D0-0CEE-48ED-AA1C-CC44B403BF94}.Release|x86.ActiveCfg = Release|Any CPU
		{A8D2E0D0-0CEE-48ED-AA1C-CC44B403BF94}.Release|x86.Build.0 = Release|Any CPU
		{EFF65212-664A-4ADD-B42E-DC7C7E4DB960}.Debug|Any CPU.ActiveCfg = Debug|Any CPU
		{EFF65212-664A-4ADD-B42E-DC7C7E4DB960}.Debug|Any CPU.Build.0 = Debug|Any CPU
		{EFF65212-664A-4ADD-B42E-DC7C7E4DB960}.Debug|x64.ActiveCfg = Debug|Any CPU
		{EFF65212-664A-4ADD-B42E-DC7C7E4DB960}.Debug|x64.Build.0 = Debug|Any CPU
		{EFF65212-664A-4ADD-B42E-DC7C7E4DB960}.Debug|x86.ActiveCfg = Debug|Any CPU
		{EFF65212-664A-4ADD-B42E-DC7C7E4DB960}.Debug|x86.Build.0 = Debug|Any CPU
		{EFF65212-664A-4ADD-B42E-DC7C7E4DB960}.Release|Any CPU.ActiveCfg = Release|Any CPU
		{EFF65212-664A-4ADD-B42E-DC7C7E4DB960}.Release|Any CPU.Build.0 = Release|Any CPU
		{EFF65212-664A-4ADD-B42E-DC7C7E4DB960}.Release|x64.ActiveCfg = Release|Any CPU
		{EFF65212-664A-4ADD-B42E-DC7C7E4DB960}.Release|x64.Build.0 = Release|Any CPU
		{EFF65212-664A-4ADD-B42E-DC7C7E4DB960}.Release|x86.ActiveCfg = Release|Any CPU
		{EFF65212-664A-4ADD-B42E-DC7C7E4DB960}.Release|x86.Build.0 = Release|Any CPU
		{C2FBAF2C-FD83-482F-9865-26973A423FA1}.Debug|Any CPU.ActiveCfg = Debug|Any CPU
		{C2FBAF2C-FD83-482F-9865-26973A423FA1}.Debug|Any CPU.Build.0 = Debug|Any CPU
		{C2FBAF2C-FD83-482F-9865-26973A423FA1}.Debug|x64.ActiveCfg = Debug|Any CPU
		{C2FBAF2C-FD83-482F-9865-26973A423FA1}.Debug|x64.Build.0 = Debug|Any CPU
		{C2FBAF2C-FD83-482F-9865-26973A423FA1}.Debug|x86.ActiveCfg = Debug|Any CPU
		{C2FBAF2C-FD83-482F-9865-26973A423FA1}.Debug|x86.Build.0 = Debug|Any CPU
		{C2FBAF2C-FD83-482F-9865-26973A423FA1}.Release|Any CPU.ActiveCfg = Release|Any CPU
		{C2FBAF2C-FD83-482F-9865-26973A423FA1}.Release|Any CPU.Build.0 = Release|Any CPU
		{C2FBAF2C-FD83-482F-9865-26973A423FA1}.Release|x64.ActiveCfg = Release|Any CPU
		{C2FBAF2C-FD83-482F-9865-26973A423FA1}.Release|x64.Build.0 = Release|Any CPU
		{C2FBAF2C-FD83-482F-9865-26973A423FA1}.Release|x86.ActiveCfg = Release|Any CPU
		{C2FBAF2C-FD83-482F-9865-26973A423FA1}.Release|x86.Build.0 = Release|Any CPU
	EndGlobalSection
	GlobalSection(SolutionProperties) = preSolution
		HideSolutionNode = FALSE
	EndGlobalSection
EndGlobal
